<?xml version="1.0" encoding="utf-8"?>
<Project ToolsVersion="4.0" xmlns="http://schemas.microsoft.com/developer/msbuild/2003">
  <ItemGroup>
    <Filter Include="Source Files">
      <UniqueIdentifier>{4FC737F1-C7A5-4376-A066-2A32D752A2FF}</UniqueIdentifier>
      <Extensions>cpp;c;cc;cxx;def;odl;idl;hpj;bat;asm;asmx</Extensions>
    </Filter>
    <Filter Include="Header Files">
      <UniqueIdentifier>{93995380-89BD-4b04-88EB-625FBE52EBFB}</UniqueIdentifier>
      <Extensions>h;hh;hpp;hxx;hm;inl;inc;xsd</Extensions>
    </Filter>
    <Filter Include="Resource Files">
      <UniqueIdentifier>{67DA6AB6-F800-4c08-8B7A-83BB121AAD01}</UniqueIdentifier>
      <Extensions>rc;ico;cur;bmp;dlg;rc2;rct;bin;rgs;gif;jpg;jpeg;jpe;resx;tiff;tif;png;wav;mfcribbon-ms</Extensions>
    </Filter>
    <Filter Include="Header Files\app">
      <UniqueIdentifier>{3122706b-64d1-46ac-885d-822f6b6f453a}</UniqueIdentifier>
    </Filter>
    <Filter Include="Header Files\renderer">
      <UniqueIdentifier>{af026f62-aa25-49f4-a0f3-b5b92666417c}</UniqueIdentifier>
    </Filter>
    <Filter Include="Source Files\app">
      <UniqueIdentifier>{fed1163b-0922-493e-a315-602e9d2bf851}</UniqueIdentifier>
    </Filter>
    <Filter Include="Source Files\renderer">
      <UniqueIdentifier>{dc5ec01d-1905-4c2c-8365-35927902de7e}</UniqueIdentifier>
    </Filter>
    <Filter Include="Header Files\gameObject">
      <UniqueIdentifier>{43f64935-6a31-4c7e-a73d-d2261fabe063}</UniqueIdentifier>
    </Filter>
    <Filter Include="Header Files\gameObject\composite">
      <UniqueIdentifier>{be249ca0-9de8-4721-9192-d1dadcb83d54}</UniqueIdentifier>
    </Filter>
    <Filter Include="Source Files\gameObject">
      <UniqueIdentifier>{eb9b4213-ec15-4a55-b14e-fcf88bbbf42c}</UniqueIdentifier>
    </Filter>
    <Filter Include="Source Files\gameObject\composite">
      <UniqueIdentifier>{4133a52a-6d13-42ba-a2f2-dfc52c56bb46}</UniqueIdentifier>
    </Filter>
    <Filter Include="Source Files\gameObject\billboard">
      <UniqueIdentifier>{4ec0855c-55eb-4e73-9792-0057d3c66760}</UniqueIdentifier>
    </Filter>
    <Filter Include="Header Files\gameObject\billboard">
      <UniqueIdentifier>{a746d2ed-ae11-467e-9ee6-32b4a72d61a3}</UniqueIdentifier>
    </Filter>
    <Filter Include="Header Files\renderer\shaders">
      <UniqueIdentifier>{397cd2f9-572f-450f-8cbb-0e42964d0255}</UniqueIdentifier>
    </Filter>
    <Filter Include="Source Files\renderer\shaders">
      <UniqueIdentifier>{f7953c60-a167-4a25-a9d4-8a199e372edb}</UniqueIdentifier>
    </Filter>
  </ItemGroup>
  <ItemGroup>
    <Text Include="ReadMe.txt" />
  </ItemGroup>
  <ItemGroup>
    <ClInclude Include="src\shaders\CColorLambertianShader.h">
      <Filter>Header Files\renderer\shaders</Filter>
    </ClInclude>
    <ClInclude Include="src\shaders\CTextureShader.h">
      <Filter>Header Files\renderer\shaders</Filter>
    </ClInclude>
    <ClInclude Include="src\shaders\CColorShader.h">
      <Filter>Header Files\renderer\shaders</Filter>
    </ClInclude>
    <ClInclude Include="src\shaders\CBillboardShader.h">
      <Filter>Header Files\renderer\shaders</Filter>
    </ClInclude>
    <ClInclude Include="src\shaders\CSimpleShader.h">
      <Filter>Header Files\renderer\shaders</Filter>
    </ClInclude>
    <ClInclude Include="src\shaders\CShader.h">
      <Filter>Header Files\renderer\shaders</Filter>
    </ClInclude>
    <ClInclude Include="CApp.h">
      <Filter>Header Files\app</Filter>
    </ClInclude>
    <ClInclude Include="CTask.h">
      <Filter>Header Files\app</Filter>
    </ClInclude>
    <ClInclude Include="CTaskManager.h">
      <Filter>Header Files\app</Filter>
    </ClInclude>
    <ClInclude Include="CAppWindow.h">
      <Filter>Header Files\app</Filter>
    </ClInclude>
    <ClInclude Include="CWin32Window.h">
      <Filter>Header Files\app</Filter>
    </ClInclude>
    <ClInclude Include="CRenderer.h">
      <Filter>Header Files\renderer</Filter>
    </ClInclude>
    <ClInclude Include="CWin32Renderer.h">
      <Filter>Header Files\renderer</Filter>
    </ClInclude>
    <ClInclude Include="CCamera.h">
      <Filter>Header Files\renderer</Filter>
    </ClInclude>
    <ClInclude Include="CLog.h">
      <Filter>Header Files\app</Filter>
    </ClInclude>
    <ClInclude Include="CTexture.h">
      <Filter>Header Files\renderer</Filter>
    </ClInclude>
    <ClInclude Include="CParentGameObject.h">
      <Filter>Header Files\gameObject\composite</Filter>
    </ClInclude>
    <ClInclude Include="CCompositeGameObject.h">
      <Filter>Header Files\gameObject\composite</Filter>
    </ClInclude>
    <ClInclude Include="C3DModel.h">
      <Filter>Header Files\gameObject</Filter>
    </ClInclude>
    <ClInclude Include="CAxesFrame.h">
      <Filter>Header Files\gameObject</Filter>
    </ClInclude>
    <ClInclude Include="CCommonMath.h">
      <Filter>Header Files\gameObject</Filter>
    </ClInclude>
    <ClInclude Include="CCube.h">
      <Filter>Header Files\gameObject</Filter>
    </ClInclude>
    <ClInclude Include="CGameObject.h">
      <Filter>Header Files\gameObject</Filter>
    </ClInclude>
    <ClInclude Include="CGeometry.h">
      <Filter>Header Files\gameObject</Filter>
    </ClInclude>
    <ClInclude Include="CLand.h">
      <Filter>Header Files\gameObject</Filter>
    </ClInclude>
    <ClInclude Include="CLine.h">
      <Filter>Header Files\gameObject</Filter>
    </ClInclude>
    <ClInclude Include="CPropeller.h">
      <Filter>Header Files\gameObject</Filter>
    </ClInclude>
    <ClInclude Include="CRenderable.h">
      <Filter>Header Files\gameObject</Filter>
    </ClInclude>
    <ClInclude Include="CSkyBox.h">
      <Filter>Header Files\gameObject</Filter>
    </ClInclude>
    <ClInclude Include="CSphere.h">
      <Filter>Header Files\gameObject</Filter>
    </ClInclude>
    <ClInclude Include="CBillBoard.h">
      <Filter>Header Files\gameObject\billboard</Filter>
    </ClInclude>
    <ClInclude Include="CColorBillBoard.h">
      <Filter>Header Files\gameObject\billboard</Filter>
    </ClInclude>
    <ClInclude Include="src\shaders\CHealthbarShader.h">
      <Filter>Header Files\renderer\shaders</Filter>
    </ClInclude>
    <ClInclude Include="CTimer.h">
      <Filter>Header Files\app</Filter>
    </ClInclude>
    <ClInclude Include="CAnimationBillBoard.h">
      <Filter>Header Files\gameObject\billboard</Filter>
    </ClInclude>
    <ClInclude Include="src\shaders\CAnimationBillboardShader.h">
      <Filter>Header Files\renderer\shaders</Filter>
    </ClInclude>
    <ClInclude Include="CBoundingBox.h">
      <Filter>Header Files\gameObject</Filter>
    </ClInclude>
    <ClInclude Include="CLeafGameObject.h">
      <Filter>Header Files\gameObject\composite</Filter>
    </ClInclude>
    <ClInclude Include="src\shaders\CNormalMapSphereShader.h">
      <Filter>Header Files\renderer\shaders</Filter>
    </ClInclude>
    <ClInclude Include="CParticleSystem.h">
      <Filter>Header Files\gameObject</Filter>
    </ClInclude>
    <ClInclude Include="CQuad.h">
      <Filter>Header Files\gameObject</Filter>
    </ClInclude>
    <ClInclude Include="src\shaders\CFboShader.h">
      <Filter>Header Files\renderer\shaders</Filter>
    </ClInclude>
    <ClInclude Include="src\shaders\CDepthBufferShader.h">
      <Filter>Header Files\renderer\shaders</Filter>
    </ClInclude>
    <ClInclude Include="CMissile.h">
      <Filter>Header Files</Filter>
    </ClInclude>
  </ItemGroup>
  <ItemGroup>
    <ClCompile Include="src\shaders\CColorLambertianShader.cpp">
      <Filter>Source Files\renderer\shaders</Filter>
    </ClCompile>
    <ClCompile Include="src\shaders\CColorShader.cpp">
      <Filter>Source Files\renderer\shaders</Filter>
    </ClCompile>
    <ClCompile Include="src\shaders\CBillboardShader.cpp">
      <Filter>Source Files\renderer\shaders</Filter>
    </ClCompile>
    <ClCompile Include="src\shaders\CSimpleShader.cpp">
      <Filter>Source Files\renderer\shaders</Filter>
    </ClCompile>
    <ClCompile Include="src\shaders\CShader.cpp">
      <Filter>Source Files\renderer\shaders</Filter>
    </ClCompile>
    <ClCompile Include="CAppWindow.cpp">
      <Filter>Source Files\app</Filter>
    </ClCompile>
    <ClCompile Include="CApp.cpp">
      <Filter>Source Files\app</Filter>
    </ClCompile>
    <ClCompile Include="CTaskManager.cpp">
      <Filter>Source Files\app</Filter>
    </ClCompile>
    <ClCompile Include="CTask.cpp">
      <Filter>Source Files\app</Filter>
    </ClCompile>
    <ClCompile Include="CRenderer.cpp">
      <Filter>Source Files\renderer</Filter>
    </ClCompile>
    <ClCompile Include="CWin32Renderer.cpp">
      <Filter>Source Files\renderer</Filter>
    </ClCompile>
    <ClCompile Include="CWin32Window.cpp">
      <Filter>Source Files\app</Filter>
    </ClCompile>
    <ClCompile Include="CCamera.cpp">
      <Filter>Source Files\renderer</Filter>
    </ClCompile>
    <ClCompile Include="CLog.cpp">
      <Filter>Source Files\app</Filter>
    </ClCompile>
    <ClCompile Include="CTexture.cpp">
      <Filter>Source Files\renderer</Filter>
    </ClCompile>
    <ClCompile Include="src\shaders\CTextureShader.cpp">
      <Filter>Source Files\renderer\shaders</Filter>
    </ClCompile>
    <ClCompile Include="CCompositeGameObject.cpp">
      <Filter>Source Files\gameObject\composite</Filter>
    </ClCompile>
    <ClCompile Include="CParentGameObject.cpp">
      <Filter>Source Files\gameObject\composite</Filter>
    </ClCompile>
    <ClCompile Include="C3DModel.cpp">
      <Filter>Source Files\gameObject</Filter>
    </ClCompile>
    <ClCompile Include="CAxesFrame.cpp">
      <Filter>Source Files\gameObject</Filter>
    </ClCompile>
    <ClCompile Include="CCommonMath.cpp">
      <Filter>Source Files\gameObject</Filter>
    </ClCompile>
    <ClCompile Include="CCube.cpp">
      <Filter>Source Files\gameObject</Filter>
    </ClCompile>
    <ClCompile Include="CGameObject.cpp">
      <Filter>Source Files\gameObject</Filter>
    </ClCompile>
    <ClCompile Include="CGeometry.cpp">
      <Filter>Source Files\gameObject</Filter>
    </ClCompile>
    <ClCompile Include="CLand.cpp">
      <Filter>Source Files\gameObject</Filter>
    </ClCompile>
    <ClCompile Include="CLine.cpp">
      <Filter>Source Files\gameObject</Filter>
    </ClCompile>
    <ClCompile Include="CPropeller.cpp">
      <Filter>Source Files\gameObject</Filter>
    </ClCompile>
    <ClCompile Include="CRenderable.cpp">
      <Filter>Source Files\gameObject</Filter>
    </ClCompile>
    <ClCompile Include="CSkyBox.cpp">
      <Filter>Source Files\gameObject</Filter>
    </ClCompile>
    <ClCompile Include="CSphere.cpp">
      <Filter>Source Files\gameObject</Filter>
    </ClCompile>
    <ClCompile Include="CBillBoard.cpp">
      <Filter>Source Files\gameObject\billboard</Filter>
    </ClCompile>
    <ClCompile Include="CColorBillBoard.cpp">
      <Filter>Source Files\gameObject\billboard</Filter>
    </ClCompile>
    <ClCompile Include="src\shaders\CHealthbarShader.cpp">
      <Filter>Source Files\renderer\shaders</Filter>
    </ClCompile>
    <ClCompile Include="CTimer.cpp">
      <Filter>Source Files\app</Filter>
    </ClCompile>
    <ClCompile Include="CAnimationBillBoard.cpp">
      <Filter>Source Files\gameObject\billboard</Filter>
    </ClCompile>
    <ClCompile Include="src\shaders\CAnimationBillboardShader.cpp">
      <Filter>Source Files\renderer\shaders</Filter>
    </ClCompile>
    <ClCompile Include="CBoundingBox.cpp">
      <Filter>Source Files\gameObject</Filter>
    </ClCompile>
    <ClCompile Include="CLeafGameObject.cpp">
      <Filter>Source Files\gameObject\composite</Filter>
    </ClCompile>
    <ClCompile Include="src\shaders\CNormalMapSphereShader.cpp">
      <Filter>Source Files\renderer\shaders</Filter>
    </ClCompile>
    <ClCompile Include="CParticleSystem.cpp">
      <Filter>Source Files\gameObject</Filter>
    </ClCompile>
    <ClCompile Include="CQuad.cpp">
      <Filter>Source Files\gameObject</Filter>
    </ClCompile>
    <ClCompile Include="src\shaders\CFboShader.cpp">
      <Filter>Source Files\renderer\shaders</Filter>
    </ClCompile>
    <ClCompile Include="src\shaders\CDepthBufferShader.cpp">
      <Filter>Source Files\renderer\shaders</Filter>
    </ClCompile>
    <ClCompile Include="CMissile.cpp">
      <Filter>Source Files</Filter>
    </ClCompile>
  </ItemGroup>
  <ItemGroup>
    <None Include="src\shaders\color.glslf">
      <Filter>Source Files\renderer\shaders</Filter>
    </None>
    <None Include="src\shaders\colorLambertian.glslf">
      <Filter>Source Files\renderer\shaders</Filter>
    </None>
    <None Include="src\shaders\fbo.glslf">
      <Filter>Source Files\renderer\shaders</Filter>
    </None>
    <None Include="src\shaders\healthbar.glslf">
      <Filter>Source Files\renderer\shaders</Filter>
    </None>
    <None Include="src\shaders\normalMapSphere.glslf">
      <Filter>Source Files\renderer\shaders</Filter>
    </None>
    <None Include="src\shaders\simple.glslf">
      <Filter>Source Files\renderer\shaders</Filter>
    </None>
    <None Include="src\shaders\texture.glslf">
      <Filter>Source Files\renderer\shaders</Filter>
    </None>
    <None Include="src\shaders\animationBillboard.glslv">
      <Filter>Source Files\renderer\shaders</Filter>
    </None>
    <None Include="src\shaders\billboard.glslv">
      <Filter>Source Files\renderer\shaders</Filter>
    </None>
    <None Include="src\shaders\color.glslv">
      <Filter>Source Files\renderer\shaders</Filter>
    </None>
    <None Include="src\shaders\colorLambertian.glslv">
      <Filter>Source Files\renderer\shaders</Filter>
    </None>
    <None Include="src\shaders\fbo.glslv">
      <Filter>Source Files\renderer\shaders</Filter>
    </None>
    <None Include="src\shaders\healthbar.glslv">
      <Filter>Source Files\renderer\shaders</Filter>
    </None>
    <None Include="src\shaders\normalMapSphere.glslv">
      <Filter>Source Files\renderer\shaders</Filter>
    </None>
    <None Include="src\shaders\simple.glslv">
      <Filter>Source Files\renderer\shaders</Filter>
    </None>
    <None Include="src\shaders\texture.glslv">
      <Filter>Source Files\renderer\shaders</Filter>
    </None>
    <None Include="src\shaders\depthBuffer.glslf">
      <Filter>Source Files\renderer\shaders</Filter>
    </None>
  </ItemGroup>
</Project>